// !$*UTF8*$!
{
	archiveVersion = 1;
	classes = {
	};
	objectVersion = 50;
	objects = {

/* Begin PBXBuildFile section */
		09A4356820D37ED800ED6908 /* AppDelegate.swift in Sources */ = {isa = PBXBuildFile; fileRef = 09A4356720D37ED800ED6908 /* AppDelegate.swift */; };
		09A4357020D37ED800ED6908 /* MoviesPro.xcdatamodeld in Sources */ = {isa = PBXBuildFile; fileRef = 09A4356E20D37ED800ED6908 /* MoviesPro.xcdatamodeld */; };
		09A4357220D37EE200ED6908 /* Assets.xcassets in Resources */ = {isa = PBXBuildFile; fileRef = 09A4357120D37EE200ED6908 /* Assets.xcassets */; };
		09A4357520D37EE200ED6908 /* LaunchScreen.storyboard in Resources */ = {isa = PBXBuildFile; fileRef = 09A4357320D37EE200ED6908 /* LaunchScreen.storyboard */; };
		09A4357E20D3801400ED6908 /* Movie.swift in Sources */ = {isa = PBXBuildFile; fileRef = 09A4357D20D3801400ED6908 /* Movie.swift */; };
		09A4358020D3804300ED6908 /* MovieFeedResults.swift in Sources */ = {isa = PBXBuildFile; fileRef = 09A4357F20D3804300ED6908 /* MovieFeedResults.swift */; };
		09A4358320D3808300ED6908 /* Result.swift in Sources */ = {isa = PBXBuildFile; fileRef = 09A4358220D3808300ED6908 /* Result.swift */; };
		09A4358520D380AA00ED6908 /* Endpoint.swift in Sources */ = {isa = PBXBuildFile; fileRef = 09A4358420D380AA00ED6908 /* Endpoint.swift */; };
		09A4358820D381A200ED6908 /* MainTabBarController.swift in Sources */ = {isa = PBXBuildFile; fileRef = 09A4358720D381A200ED6908 /* MainTabBarController.swift */; };
		09A4358A20D3820E00ED6908 /* MovieSearchController.swift in Sources */ = {isa = PBXBuildFile; fileRef = 09A4358920D3820E00ED6908 /* MovieSearchController.swift */; };
		09A4358C20D3824000ED6908 /* MovieGridController.swift in Sources */ = {isa = PBXBuildFile; fileRef = 09A4358B20D3824000ED6908 /* MovieGridController.swift */; };
		09A4358E20D3826200ED6908 /* DisplayController.swift in Sources */ = {isa = PBXBuildFile; fileRef = 09A4358D20D3826200ED6908 /* DisplayController.swift */; };
		09A4359120D3833E00ED6908 /* Reusable.swift in Sources */ = {isa = PBXBuildFile; fileRef = 09A4359020D3833E00ED6908 /* Reusable.swift */; };
		09A4359320D3841C00ED6908 /* MovieFeed.swift in Sources */ = {isa = PBXBuildFile; fileRef = 09A4359220D3841C00ED6908 /* MovieFeed.swift */; };
		09A4359520D3845000ED6908 /* APIError.swift in Sources */ = {isa = PBXBuildFile; fileRef = 09A4359420D3845000ED6908 /* APIError.swift */; };
		09A4359720D3847200ED6908 /* GenericAPIClient.swift in Sources */ = {isa = PBXBuildFile; fileRef = 09A4359620D3847200ED6908 /* GenericAPIClient.swift */; };
		09A4359920D384FA00ED6908 /* MovieClient.swift in Sources */ = {isa = PBXBuildFile; fileRef = 09A4359820D384FA00ED6908 /* MovieClient.swift */; };
		09A4359B20D3873100ED6908 /* GenericDataSource.swift in Sources */ = {isa = PBXBuildFile; fileRef = 09A4359A20D3873100ED6908 /* GenericDataSource.swift */; };
		09A4359D20D38B8800ED6908 /* MovieCell.swift in Sources */ = {isa = PBXBuildFile; fileRef = 09A4359C20D38B8800ED6908 /* MovieCell.swift */; };
		09A4359F20D38BC500ED6908 /* MovieCell.xib in Resources */ = {isa = PBXBuildFile; fileRef = 09A4359E20D38BC500ED6908 /* MovieCell.xib */; };
		09A435A220D38D9600ED6908 /* MovieViewModel.swift in Sources */ = {isa = PBXBuildFile; fileRef = 09A435A120D38D9600ED6908 /* MovieViewModel.swift */; };
		09A435A420D38E8800ED6908 /* ListLayout.swift in Sources */ = {isa = PBXBuildFile; fileRef = 09A435A320D38E8800ED6908 /* ListLayout.swift */; };
		09A435A620D3980300ED6908 /* Searchable.swift in Sources */ = {isa = PBXBuildFile; fileRef = 09A435A520D3980300ED6908 /* Searchable.swift */; };
		09A435AB20D3A3FD00ED6908 /* ImageCachable.swift in Sources */ = {isa = PBXBuildFile; fileRef = 09A435AA20D3A3FD00ED6908 /* ImageCachable.swift */; };
/* End PBXBuildFile section */

/* Begin PBXFileReference section */
		09A4356420D37ED800ED6908 /* MoviesPro.app */ = {isa = PBXFileReference; explicitFileType = wrapper.application; includeInIndex = 0; path = MoviesPro.app; sourceTree = BUILT_PRODUCTS_DIR; };
		09A4356720D37ED800ED6908 /* AppDelegate.swift */ = {isa = PBXFileReference; lastKnownFileType = sourcecode.swift; path = AppDelegate.swift; sourceTree = "<group>"; };
		09A4356F20D37ED800ED6908 /* MoviesPro.xcdatamodel */ = {isa = PBXFileReference; lastKnownFileType = wrapper.xcdatamodel; path = MoviesPro.xcdatamodel; sourceTree = "<group>"; };
		09A4357120D37EE200ED6908 /* Assets.xcassets */ = {isa = PBXFileReference; lastKnownFileType = folder.assetcatalog; path = Assets.xcassets; sourceTree = "<group>"; };
		09A4357420D37EE200ED6908 /* Base */ = {isa = PBXFileReference; lastKnownFileType = file.storyboard; name = Base; path = Base.lproj/LaunchScreen.storyboard; sourceTree = "<group>"; };
		09A4357620D37EE200ED6908 /* Info.plist */ = {isa = PBXFileReference; lastKnownFileType = text.plist.xml; path = Info.plist; sourceTree = "<group>"; };
		09A4357D20D3801400ED6908 /* Movie.swift */ = {isa = PBXFileReference; lastKnownFileType = sourcecode.swift; path = Movie.swift; sourceTree = "<group>"; };
		09A4357F20D3804300ED6908 /* MovieFeedResults.swift */ = {isa = PBXFileReference; lastKnownFileType = sourcecode.swift; path = MovieFeedResults.swift; sourceTree = "<group>"; };
		09A4358220D3808300ED6908 /* Result.swift */ = {isa = PBXFileReference; lastKnownFileType = sourcecode.swift; path = Result.swift; sourceTree = "<group>"; };
		09A4358420D380AA00ED6908 /* Endpoint.swift */ = {isa = PBXFileReference; lastKnownFileType = sourcecode.swift; path = Endpoint.swift; sourceTree = "<group>"; };
		09A4358720D381A200ED6908 /* MainTabBarController.swift */ = {isa = PBXFileReference; lastKnownFileType = sourcecode.swift; path = MainTabBarController.swift; sourceTree = "<group>"; };
		09A4358920D3820E00ED6908 /* MovieSearchController.swift */ = {isa = PBXFileReference; lastKnownFileType = sourcecode.swift; path = MovieSearchController.swift; sourceTree = "<group>"; };
		09A4358B20D3824000ED6908 /* MovieGridController.swift */ = {isa = PBXFileReference; lastKnownFileType = sourcecode.swift; path = MovieGridController.swift; sourceTree = "<group>"; };
		09A4358D20D3826200ED6908 /* DisplayController.swift */ = {isa = PBXFileReference; lastKnownFileType = sourcecode.swift; path = DisplayController.swift; sourceTree = "<group>"; };
		09A4359020D3833E00ED6908 /* Reusable.swift */ = {isa = PBXFileReference; lastKnownFileType = sourcecode.swift; path = Reusable.swift; sourceTree = "<group>"; };
		09A4359220D3841C00ED6908 /* MovieFeed.swift */ = {isa = PBXFileReference; lastKnownFileType = sourcecode.swift; path = MovieFeed.swift; sourceTree = "<group>"; };
		09A4359420D3845000ED6908 /* APIError.swift */ = {isa = PBXFileReference; lastKnownFileType = sourcecode.swift; path = APIError.swift; sourceTree = "<group>"; };
		09A4359620D3847200ED6908 /* GenericAPIClient.swift */ = {isa = PBXFileReference; lastKnownFileType = sourcecode.swift; path = GenericAPIClient.swift; sourceTree = "<group>"; };
		09A4359820D384FA00ED6908 /* MovieClient.swift */ = {isa = PBXFileReference; lastKnownFileType = sourcecode.swift; path = MovieClient.swift; sourceTree = "<group>"; };
		09A4359A20D3873100ED6908 /* GenericDataSource.swift */ = {isa = PBXFileReference; lastKnownFileType = sourcecode.swift; path = GenericDataSource.swift; sourceTree = "<group>"; };
		09A4359C20D38B8800ED6908 /* MovieCell.swift */ = {isa = PBXFileReference; lastKnownFileType = sourcecode.swift; path = MovieCell.swift; sourceTree = "<group>"; };
		09A4359E20D38BC500ED6908 /* MovieCell.xib */ = {isa = PBXFileReference; lastKnownFileType = file.xib; path = MovieCell.xib; sourceTree = "<group>"; };
		09A435A120D38D9600ED6908 /* MovieViewModel.swift */ = {isa = PBXFileReference; lastKnownFileType = sourcecode.swift; path = MovieViewModel.swift; sourceTree = "<group>"; };
		09A435A320D38E8800ED6908 /* ListLayout.swift */ = {isa = PBXFileReference; lastKnownFileType = sourcecode.swift; path = ListLayout.swift; sourceTree = "<group>"; };
		09A435A520D3980300ED6908 /* Searchable.swift */ = {isa = PBXFileReference; lastKnownFileType = sourcecode.swift; path = Searchable.swift; sourceTree = "<group>"; };
		09A435AA20D3A3FD00ED6908 /* ImageCachable.swift */ = {isa = PBXFileReference; lastKnownFileType = sourcecode.swift; path = ImageCachable.swift; sourceTree = "<group>"; };
/* End PBXFileReference section */

/* Begin PBXFrameworksBuildPhase section */
		09A4356120D37ED800ED6908 /* Frameworks */ = {
			isa = PBXFrameworksBuildPhase;
			buildActionMask = 2147483647;
			files = (
			);
			runOnlyForDeploymentPostprocessing = 0;
		};
/* End PBXFrameworksBuildPhase section */

/* Begin PBXGroup section */
		09A4355B20D37ED700ED6908 = {
			isa = PBXGroup;
			children = (
				09A4356620D37ED800ED6908 /* MoviesPro */,
				09A4356520D37ED800ED6908 /* Products */,
			);
			sourceTree = "<group>";
		};
		09A4356520D37ED800ED6908 /* Products */ = {
			isa = PBXGroup;
			children = (
				09A4356420D37ED800ED6908 /* MoviesPro.app */,
			);
			name = Products;
			sourceTree = "<group>";
		};
		09A4356620D37ED800ED6908 /* MoviesPro */ = {
			isa = PBXGroup;
			children = (
				09A4356720D37ED800ED6908 /* AppDelegate.swift */,
				09A435A720D3A32700ED6908 /* Helper */,
				09A4358F20D3833100ED6908 /* Protocols */,
				09A4358620D3818A00ED6908 /* View */,
				09A4358120D3806F00ED6908 /* Networking */,
				09A4357C20D3800500ED6908 /* Model */,
				09A435A020D38D7900ED6908 /* ViewModels */,
				09A4357120D37EE200ED6908 /* Assets.xcassets */,
				09A4357320D37EE200ED6908 /* LaunchScreen.storyboard */,
				09A4357620D37EE200ED6908 /* Info.plist */,
				09A4356E20D37ED800ED6908 /* MoviesPro.xcdatamodeld */,
			);
			path = MoviesPro;
			sourceTree = "<group>";
		};
		09A4357C20D3800500ED6908 /* Model */ = {
			isa = PBXGroup;
			children = (
				09A4357D20D3801400ED6908 /* Movie.swift */,
				09A4357F20D3804300ED6908 /* MovieFeedResults.swift */,
				09A4359A20D3873100ED6908 /* GenericDataSource.swift */,
			);
			path = Model;
			sourceTree = "<group>";
		};
		09A4358120D3806F00ED6908 /* Networking */ = {
			isa = PBXGroup;
			children = (
				09A4358420D380AA00ED6908 /* Endpoint.swift */,
				09A4358220D3808300ED6908 /* Result.swift */,
				09A4359220D3841C00ED6908 /* MovieFeed.swift */,
				09A4359420D3845000ED6908 /* APIError.swift */,
				09A4359620D3847200ED6908 /* GenericAPIClient.swift */,
				09A4359820D384FA00ED6908 /* MovieClient.swift */,
			);
			path = Networking;
			sourceTree = "<group>";
		};
		09A4358620D3818A00ED6908 /* View */ = {
			isa = PBXGroup;
			children = (
				09A4358720D381A200ED6908 /* MainTabBarController.swift */,
				09A4358D20D3826200ED6908 /* DisplayController.swift */,
				09A4358B20D3824000ED6908 /* MovieGridController.swift */,
				09A4358920D3820E00ED6908 /* MovieSearchController.swift */,
				09A4359C20D38B8800ED6908 /* MovieCell.swift */,
				09A4359E20D38BC500ED6908 /* MovieCell.xib */,
				09A435A320D38E8800ED6908 /* ListLayout.swift */,
			);
			path = View;
			sourceTree = "<group>";
		};
		09A4358F20D3833100ED6908 /* Protocols */ = {
			isa = PBXGroup;
			children = (
				09A4359020D3833E00ED6908 /* Reusable.swift */,
				09A435A520D3980300ED6908 /* Searchable.swift */,
				09A435AA20D3A3FD00ED6908 /* ImageCachable.swift */,
			);
			path = Protocols;
			sourceTree = "<group>";
		};
		09A435A020D38D7900ED6908 /* ViewModels */ = {
			isa = PBXGroup;
			children = (
				09A435A120D38D9600ED6908 /* MovieViewModel.swift */,
			);
			path = ViewModels;
			sourceTree = "<group>";
		};
		09A435A720D3A32700ED6908 /* Helper */ = {
			isa = PBXGroup;
			children = (
			);
			path = Helper;
			sourceTree = "<group>";
		};
/* End PBXGroup section */

/* Begin PBXNativeTarget section */
		09A4356320D37ED800ED6908 /* MoviesPro */ = {
			isa = PBXNativeTarget;
			buildConfigurationList = 09A4357920D37EE200ED6908 /* Build configuration list for PBXNativeTarget "MoviesPro" */;
			buildPhases = (
				09A4356020D37ED800ED6908 /* Sources */,
				09A4356120D37ED800ED6908 /* Frameworks */,
				09A4356220D37ED800ED6908 /* Resources */,
			);
			buildRules = (
			);
			dependencies = (
			);
			name = MoviesPro;
			productName = MoviesPro;
			productReference = 09A4356420D37ED800ED6908 /* MoviesPro.app */;
			productType = "com.apple.product-type.application";
		};
/* End PBXNativeTarget section */

/* Begin PBXProject section */
		09A4355C20D37ED700ED6908 /* Project object */ = {
			isa = PBXProject;
			attributes = {
				LastSwiftUpdateCheck = 0940;
				LastUpgradeCheck = 0940;
				ORGANIZATIONNAME = "James Rochabrun";
				TargetAttributes = {
					09A4356320D37ED800ED6908 = {
						CreatedOnToolsVersion = 9.4;
					};
				};
			};
			buildConfigurationList = 09A4355F20D37ED700ED6908 /* Build configuration list for PBXProject "MoviesPro" */;
			compatibilityVersion = "Xcode 9.3";
			developmentRegion = en;
			hasScannedForEncodings = 0;
			knownRegions = (
				en,
				Base,
			);
			mainGroup = 09A4355B20D37ED700ED6908;
			productRefGroup = 09A4356520D37ED800ED6908 /* Products */;
			projectDirPath = "";
			projectRoot = "";
			targets = (
				09A4356320D37ED800ED6908 /* MoviesPro */,
			);
		};
/* End PBXProject section */

/* Begin PBXResourcesBuildPhase section */
		09A4356220D37ED800ED6908 /* Resources */ = {
			isa = PBXResourcesBuildPhase;
			buildActionMask = 2147483647;
			files = (
				09A4359F20D38BC500ED6908 /* MovieCell.xib in Resources */,
				09A4357520D37EE200ED6908 /* LaunchScreen.storyboard in Resources */,
				09A4357220D37EE200ED6908 /* Assets.xcassets in Resources */,
			);
			runOnlyForDeploymentPostprocessing = 0;
		};
/* End PBXResourcesBuildPhase section */

/* Begin PBXSourcesBuildPhase section */
		09A4356020D37ED800ED6908 /* Sources */ = {
			isa = PBXSourcesBuildPhase;
			buildActionMask = 2147483647;
			files = (
				09A4358520D380AA00ED6908 /* Endpoint.swift in Sources */,
				09A4359D20D38B8800ED6908 /* MovieCell.swift in Sources */,
				09A4359720D3847200ED6908 /* GenericAPIClient.swift in Sources */,
				09A4359120D3833E00ED6908 /* Reusable.swift in Sources */,
				09A4358320D3808300ED6908 /* Result.swift in Sources */,
				09A435A220D38D9600ED6908 /* MovieViewModel.swift in Sources */,
				09A435A420D38E8800ED6908 /* ListLayout.swift in Sources */,
				09A4358E20D3826200ED6908 /* DisplayController.swift in Sources */,
				09A4358820D381A200ED6908 /* MainTabBarController.swift in Sources */,
				09A435A620D3980300ED6908 /* Searchable.swift in Sources */,
				09A4357020D37ED800ED6908 /* MoviesPro.xcdatamodeld in Sources */,
				09A4359920D384FA00ED6908 /* MovieClient.swift in Sources */,
				09A4357E20D3801400ED6908 /* Movie.swift in Sources */,
				09A435AB20D3A3FD00ED6908 /* ImageCachable.swift in Sources */,
				09A4358C20D3824000ED6908 /* MovieGridController.swift in Sources */,
				09A4359B20D3873100ED6908 /* GenericDataSource.swift in Sources */,
				09A4358020D3804300ED6908 /* MovieFeedResults.swift in Sources */,
				09A4358A20D3820E00ED6908 /* MovieSearchController.swift in Sources */,
				09A4359320D3841C00ED6908 /* MovieFeed.swift in Sources */,
				09A4356820D37ED800ED6908 /* AppDelegate.swift in Sources */,
				09A4359520D3845000ED6908 /* APIError.swift in Sources */,
			);
			runOnlyForDeploymentPostprocessing = 0;
		};
/* End PBXSourcesBuildPhase section */

/* Begin PBXVariantGroup section */
		09A4357320D37EE200ED6908 /* LaunchScreen.storyboard */ = {
			isa = PBXVariantGroup;
			children = (
				09A4357420D37EE200ED6908 /* Base */,
			);
			name = LaunchScreen.storyboard;
			sourceTree = "<group>";
		};
/* End PBXVariantGroup section */

/* Begin XCBuildConfiguration section */
		09A4357720D37EE200ED6908 /* Debug */ = {
			isa = XCBuildConfiguration;
			buildSettings = {
				ALWAYS_SEARCH_USER_PATHS = NO;
				CLANG_ANALYZER_NONNULL = YES;
				CLANG_ANALYZER_NUMBER_OBJECT_CONVERSION = YES_AGGRESSIVE;
				CLANG_CXX_LANGUAGE_STANDARD = "gnu++14";
				CLANG_CXX_LIBRARY = "libc++";
				CLANG_ENABLE_MODULES = YES;
				CLANG_ENABLE_OBJC_ARC = YES;
				CLANG_ENABLE_OBJC_WEAK = YES;
				CLANG_WARN_BLOCK_CAPTURE_AUTORELEASING = YES;
				CLANG_WARN_BOOL_CONVERSION = YES;
				CLANG_WARN_COMMA = YES;
				CLANG_WARN_CONSTANT_CONVERSION = YES;
				CLANG_WARN_DEPRECATED_OBJC_IMPLEMENTATIONS = YES;
				CLANG_WARN_DIRECT_OBJC_ISA_USAGE = YES_ERROR;
				CLANG_WARN_DOCUMENTATION_COMMENTS = YES;
				CLANG_WARN_EMPTY_BODY = YES;
				CLANG_WARN_ENUM_CONVERSION = YES;
				CLANG_WARN_INFINITE_RECURSION = YES;
				CLANG_WARN_INT_CONVERSION = YES;
				CLANG_WARN_NON_LITERAL_NULL_CONVERSION = YES;
				CLANG_WARN_OBJC_IMPLICIT_RETAIN_SELF = YES;
				CLANG_WARN_OBJC_LITERAL_CONVERSION = YES;
				CLANG_WARN_OBJC_ROOT_CLASS = YES_ERROR;
				CLANG_WARN_RANGE_LOOP_ANALYSIS = YES;
				CLANG_WARN_STRICT_PROTOTYPES = YES;
				CLANG_WARN_SUSPICIOUS_MOVE = YES;
				CLANG_WARN_UNGUARDED_AVAILABILITY = YES_AGGRESSIVE;
				CLANG_WARN_UNREACHABLE_CODE = YES;
				CLANG_WARN__DUPLICATE_METHOD_MATCH = YES;
				CODE_SIGN_IDENTITY = "iPhone Developer";
				COPY_PHASE_STRIP = NO;
				DEBUG_INFORMATION_FORMAT = dwarf;
				ENABLE_STRICT_OBJC_MSGSEND = YES;
				ENABLE_TESTABILITY = YES;
				GCC_C_LANGUAGE_STANDARD = gnu11;
				GCC_DYNAMIC_NO_PIC = NO;
				GCC_NO_COMMON_BLOCKS = YES;
				GCC_OPTIMIZATION_LEVEL = 0;
				GCC_PREPROCESSOR_DEFINITIONS = (
					"DEBUG=1",
					"$(inherited)",
				);
				GCC_WARN_64_TO_32_BIT_CONVERSION = YES;
				GCC_WARN_ABOUT_RETURN_TYPE = YES_ERROR;
				GCC_WARN_UNDECLARED_SELECTOR = YES;
				GCC_WARN_UNINITIALIZED_AUTOS = YES_AGGRESSIVE;
				GCC_WARN_UNUSED_FUNCTION = YES;
				GCC_WARN_UNUSED_VARIABLE = YES;
				IPHONEOS_DEPLOYMENT_TARGET = 11.4;
				MTL_ENABLE_DEBUG_INFO = YES;
				ONLY_ACTIVE_ARCH = YES;
				SDKROOT = iphoneos;
				SWIFT_ACTIVE_COMPILATION_CONDITIONS = DEBUG;
				SWIFT_OPTIMIZATION_LEVEL = "-Onone";
			};
			name = Debug;
		};
		09A4357820D37EE200ED6908 /* Release */ = {
			isa = XCBuildConfiguration;
			buildSettings = {
				ALWAYS_SEARCH_USER_PATHS = NO;
				CLANG_ANALYZER_NONNULL = YES;
				CLANG_ANALYZER_NUMBER_OBJECT_CONVERSION = YES_AGGRESSIVE;
				CLANG_CXX_LANGUAGE_STANDARD = "gnu++14";
				CLANG_CXX_LIBRARY = "libc++";
				CLANG_ENABLE_MODULES = YES;
				CLANG_ENABLE_OBJC_ARC = YES;
				CLANG_ENABLE_OBJC_WEAK = YES;
				CLANG_WARN_BLOCK_CAPTURE_AUTORELEASING = YES;
				CLANG_WARN_BOOL_CONVERSION = YES;
				CLANG_WARN_COMMA = YES;
				CLANG_WARN_CONSTANT_CONVERSION = YES;
				CLANG_WARN_DEPRECATED_OBJC_IMPLEMENTATIONS = YES;
				CLANG_WARN_DIRECT_OBJC_ISA_USAGE = YES_ERROR;
				CLANG_WARN_DOCUMENTATION_COMMENTS = YES;
				CLANG_WARN_EMPTY_BODY = YES;
				CLANG_WARN_ENUM_CONVERSION = YES;
				CLANG_WARN_INFINITE_RECURSION = YES;
				CLANG_WARN_INT_CONVERSION = YES;
				CLANG_WARN_NON_LITERAL_NULL_CONVERSION = YES;
				CLANG_WARN_OBJC_IMPLICIT_RETAIN_SELF = YES;
				CLANG_WARN_OBJC_LITERAL_CONVERSION = YES;
				CLANG_WARN_OBJC_ROOT_CLASS = YES_ERROR;
				CLANG_WARN_RANGE_LOOP_ANALYSIS = YES;
				CLANG_WARN_STRICT_PROTOTYPES = YES;
				CLANG_WARN_SUSPICIOUS_MOVE = YES;
				CLANG_WARN_UNGUARDED_AVAILABILITY = YES_AGGRESSIVE;
				CLANG_WARN_UNREACHABLE_CODE = YES;
				CLANG_WARN__DUPLICATE_METHOD_MATCH = YES;
				CODE_SIGN_IDENTITY = "iPhone Developer";
				COPY_PHASE_STRIP = NO;
				DEBUG_INFORMATION_FORMAT = "dwarf-with-dsym";
				ENABLE_NS_ASSERTIONS = NO;
				ENABLE_STRICT_OBJC_MSGSEND = YES;
				GCC_C_LANGUAGE_STANDARD = gnu11;
				GCC_NO_COMMON_BLOCKS = YES;
				GCC_WARN_64_TO_32_BIT_CONVERSION = YES;
				GCC_WARN_ABOUT_RETURN_TYPE = YES_ERROR;
				GCC_WARN_UNDECLARED_SELECTOR = YES;
				GCC_WARN_UNINITIALIZED_AUTOS = YES_AGGRESSIVE;
				GCC_WARN_UNUSED_FUNCTION = YES;
				GCC_WARN_UNUSED_VARIABLE = YES;
				IPHONEOS_DEPLOYMENT_TARGET = 11.4;
				MTL_ENABLE_DEBUG_INFO = NO;
				SDKROOT = iphoneos;
				SWIFT_COMPILATION_MODE = wholemodule;
				SWIFT_OPTIMIZATION_LEVEL = "-O";
				VALIDATE_PRODUCT = YES;
			};
			name = Release;
		};
		09A4357A20D37EE200ED6908 /* Debug */ = {
			isa = XCBuildConfiguration;
			buildSettings = {
				ASSETCATALOG_COMPILER_APPICON_NAME = AppIcon;
				CODE_SIGN_STYLE = Automatic;
				DEVELOPMENT_TEAM = CQ45U4X9K3;
				INFOPLIST_FILE = MoviesPro/Info.plist;
				LD_RUNPATH_SEARCH_PATHS = (
					"$(inherited)",
					"@executable_path/Frameworks",
				);
				PRODUCT_BUNDLE_IDENTIFIER = com.swiftlintappexample.MoviesPro;
				PRODUCT_NAME = "$(TARGET_NAME)";
				SWIFT_VERSION = 4.0;
				TARGETED_DEVICE_FAMILY = "1,2";
			};
			name = Debug;
		};
		09A4357B20D37EE200ED6908 /* Release */ = {
			isa = XCBuildConfiguration;
			buildSettings = {
				ASSETCATALOG_COMPILER_APPICON_NAME = AppIcon;
				CODE_SIGN_STYLE = Automatic;
				DEVELOPMENT_TEAM = CQ45U4X9K3;
				INFOPLIST_FILE = MoviesPro/Info.plist;
				LD_RUNPATH_SEARCH_PATHS = (
					"$(inherited)",
					"@executable_path/Frameworks",
				);
				PRODUCT_BUNDLE_IDENTIFIER = com.swiftlintappexample.MoviesPro;
				PRODUCT_NAME = "$(TARGET_NAME)";
				SWIFT_VERSION = 4.0;
				TARGETED_DEVICE_FAMILY = "1,2";
			};
			name = Release;
		};
/* End XCBuildConfiguration section */

/* Begin XCConfigurationList section */
		09A4355F20D37ED700ED6908 /* Build configuration list for PBXProject "MoviesPro" */ = {
			isa = XCConfigurationList;
			buildConfigurations = (
				09A4357720D37EE200ED6908 /* Debug */,
				09A4357820D37EE200ED6908 /* Release */,
			);
			defaultConfigurationIsVisible = 0;
			defaultConfigurationName = Release;
		};
		09A4357920D37EE200ED6908 /* Build configuration list for PBXNativeTarget "MoviesPro" */ = {
			isa = XCConfigurationList;
			buildConfigurations = (
				09A4357A20D37EE200ED6908 /* Debug */,
				09A4357B20D37EE200ED6908 /* Release */,
			);
			defaultConfigurationIsVisible = 0;
			defaultConfigurationName = Release;
		};
/* End XCConfigurationList section */

/* Begin XCVersionGroup section */
		09A4356E20D37ED800ED6908 /* MoviesPro.xcdatamodeld */ = {
			isa = XCVersionGroup;
			children = (
				09A4356F20D37ED800ED6908 /* MoviesPro.xcdatamodel */,
			);
			currentVersion = 09A4356F20D37ED800ED6908 /* MoviesPro.xcdatamodel */;
			path = MoviesPro.xcdatamodeld;
			sourceTree = "<group>";
			versionGroupType = wrapper.xcdatamodel;
		};
/* End XCVersionGroup section */
	};
	rootObject = 09A4355C20D37ED700ED6908 /* Project object */;
}
